
Microsoft Visual Studio Solution File, Format Version 12.00
# Visual Studio 15
VisualStudioVersion = 15.0.28307.168
MinimumVisualStudioVersion = 10.0.40219.1
Project("{9A19103F-16F7-4668-BE54-9A1E7A4F7556}") = "SplunkWebDemo", "SplunkWebDemo\SplunkWebDemo.csproj", "{92A8EC75-CDD3-49D4-9FC5-37763D3958EF}"
EndProject
Project("{9A19103F-16F7-4668-BE54-9A1E7A4F7556}") = "ColeSoft.Extensions.Logging.Splunk", "..\src\ColeSoft.Extensions.Logging.Splunk\ColeSoft.Extensions.Logging.Splunk.csproj", "{EBE9FADC-A4B7-4D1A-BBCC-14C861FDB9B4}"
EndProject
Project("{FAE04EC0-301F-11D3-BF4B-00C04F79EFBC}") = "SplunkConsoleDemo", "SplunkConsoleDemo\SplunkConsoleDemo.csproj", "{33712F56-3560-4C77-9095-22C03FB0EDED}"
EndProject
Global
	GlobalSection(SolutionConfigurationPlatforms) = preSolution
		Debug|Any CPU = Debug|Any CPU
		Release|Any CPU = Release|Any CPU
	EndGlobalSection
	GlobalSection(ProjectConfigurationPlatforms) = postSolution
		{92A8EC75-CDD3-49D4-9FC5-37763D3958EF}.Debug|Any CPU.ActiveCfg = Debug|Any CPU
		{92A8EC75-CDD3-49D4-9FC5-37763D3958EF}.Debug|Any CPU.Build.0 = Debug|Any CPU
		{92A8EC75-CDD3-49D4-9FC5-37763D3958EF}.Release|Any CPU.ActiveCfg = Release|Any CPU
		{92A8EC75-CDD3-49D4-9FC5-37763D3958EF}.Release|Any CPU.Build.0 = Release|Any CPU
		{EBE9FADC-A4B7-4D1A-BBCC-14C861FDB9B4}.Debug|Any CPU.ActiveCfg = Debug|Any CPU
		{EBE9FADC-A4B7-4D1A-BBCC-14C861FDB9B4}.Debug|Any CPU.Build.0 = Debug|Any CPU
		{EBE9FADC-A4B7-4D1A-BBCC-14C861FDB9B4}.Release|Any CPU.ActiveCfg = Release|Any CPU
		{EBE9FADC-A4B7-4D1A-BBCC-14C861FDB9B4}.Release|Any CPU.Build.0 = Release|Any CPU
		{33712F56-3560-4C77-9095-22C03FB0EDED}.Debug|Any CPU.ActiveCfg = Debug|Any CPU
		{33712F56-3560-4C77-9095-22C03FB0EDED}.Debug|Any CPU.Build.0 = Debug|Any CPU
		{33712F56-3560-4C77-9095-22C03FB0EDED}.Release|Any CPU.ActiveCfg = Release|Any CPU
		{33712F56-3560-4C77-9095-22C03FB0EDED}.Release|Any CPU.Build.0 = Release|Any CPU
	EndGlobalSection
	GlobalSection(SolutionProperties) = preSolution
		HideSolutionNode = FALSE
	EndGlobalSection
	GlobalSection(ExtensibilityGlobals) = postSolution
		SolutionGuid = {54C29D49-E6EC-454C-A28B-B3B146303089}
	EndGlobalSection
EndGlobal
